{
  "version": 4,
  "terraform_version": "1.4.6",
  "serial": 22,
  "lineage": "aeb78ca5-0ffe-e6b3-68d9-aaf3d1a7203f",
  "outputs": {},
  "resources": [
    {
      "mode": "managed",
      "type": "google_compute_instance",
      "name": "myinstance",
      "provider": "provider[\"registry.terraform.io/hashicorp/google\"]",
      "instances": [
        {
          "status": "tainted",
          "schema_version": 6,
          "attributes": {
            "advanced_machine_features": [],
            "allow_stopping_for_update": true,
            "attached_disk": [],
            "boot_disk": [
              {
                "auto_delete": true,
                "device_name": "persistent-disk-0",
                "disk_encryption_key_raw": "",
                "disk_encryption_key_sha256": "",
                "initialize_params": [
                  {
                    "image": "https://www.googleapis.com/compute/v1/projects/debian-cloud/global/images/debian-11-bullseye-v20230814",
                    "labels": {
                      "my_label": "value"
                    },
                    "size": 10,
                    "type": "pd-standard"
                  }
                ],
                "kms_key_self_link": "",
                "mode": "READ_WRITE",
                "source": "https://www.googleapis.com/compute/v1/projects/dev-ops-project-398806/zones/us-central1-a/disks/terraform-test"
              }
            ],
            "can_ip_forward": false,
            "confidential_instance_config": [],
            "cpu_platform": "Intel Haswell",
            "current_status": "RUNNING",
            "deletion_protection": false,
            "description": "",
            "desired_status": "RUNNING",
            "enable_display": false,
            "guest_accelerator": [],
            "hostname": "",
            "id": "projects/dev-ops-project-398806/zones/us-central1-a/instances/terraform-test",
            "instance_id": "5253775050983442090",
            "label_fingerprint": "42WmSpB8rSM=",
            "labels": null,
            "machine_type": "n1-standard-1",
            "metadata": {
              "ssh-keys": "devopseng0789@gmail.com:ssh-rsa AAAAB3NzaC1yc2EAAAADAQABAAABAQDQOgaJKgXHthQPBWfD9yDG22rjUinGpgk3JFhIwLcPvQ2CQwR+9Y/T637rMSmMRK+AuRpUPzKkRaehnI/0T7mDSm0apLwoUctV4eqsMWDig3DCjSgaxDZsztUTNt06LY0i7fxVEeOfcPxFliLl2VsjyLyaq+o5nDvJp2zC9eZHQN+RwJETaLW53DhEsinj0t3lVZpLWvRVSrFvCtgMHYgR9H+uvv8p3U0C9a+5uf+JejpD6APBJk9oB9ijvdu5er2mAih8CXpGyy4FMkRHZ3NbDpfaFrGfyLzIv5xShpCX8PohskDFu6H2ZbRDSDkDEB9oMk+UZ+V6x/MMaYc2KNYj USERNAME\r\n"
            },
            "metadata_fingerprint": "rgffBPg9w9E=",
            "metadata_startup_script": null,
            "min_cpu_platform": "",
            "name": "terraform-test",
            "network_interface": [
              {
                "access_config": [
                  {
                    "nat_ip": "34.172.209.39",
                    "network_tier": "PREMIUM",
                    "public_ptr_domain_name": ""
                  }
                ],
                "alias_ip_range": [],
                "ipv6_access_config": [],
                "ipv6_access_type": "",
                "name": "nic0",
                "network": "https://www.googleapis.com/compute/v1/projects/dev-ops-project-398806/global/networks/default",
                "network_ip": "10.128.0.6",
                "nic_type": "",
                "queue_count": 0,
                "stack_type": "IPV4_ONLY",
                "subnetwork": "https://www.googleapis.com/compute/v1/projects/dev-ops-project-398806/regions/us-central1/subnetworks/default",
                "subnetwork_project": "dev-ops-project-398806"
              }
            ],
            "network_performance_config": [],
            "project": "dev-ops-project-398806",
            "reservation_affinity": [],
            "resource_policies": null,
            "scheduling": [
              {
                "automatic_restart": true,
                "instance_termination_action": "",
                "min_node_cpus": 0,
                "node_affinities": [],
                "on_host_maintenance": "MIGRATE",
                "preemptible": false,
                "provisioning_model": "STANDARD"
              }
            ],
            "scratch_disk": [
              {
                "interface": "SCSI",
                "size": 375
              }
            ],
            "self_link": "https://www.googleapis.com/compute/v1/projects/dev-ops-project-398806/zones/us-central1-a/instances/terraform-test",
            "service_account": [
              {
                "email": "157786403963-compute@developer.gserviceaccount.com",
                "scopes": [
                  "https://www.googleapis.com/auth/compute.readonly"
                ]
              }
            ],
            "shielded_instance_config": [
              {
                "enable_integrity_monitoring": true,
                "enable_secure_boot": false,
                "enable_vtpm": true
              }
            ],
            "tags": null,
            "tags_fingerprint": "42WmSpB8rSM=",
            "timeouts": null,
            "zone": "us-central1-a"
          },
          "sensitive_attributes": [],
          "private": "eyJlMmJmYjczMC1lY2FhLTExZTYtOGY4OC0zNDM2M2JjN2M0YzAiOnsiY3JlYXRlIjoxMjAwMDAwMDAwMDAwLCJkZWxldGUiOjEyMDAwMDAwMDAwMDAsInVwZGF0ZSI6MTIwMDAwMDAwMDAwMH0sInNjaGVtYV92ZXJzaW9uIjoiNiJ9"
        }
      ]
    }
  ],
  "check_results": null
}
